// !$*UTF8*$!
{
	archiveVersion = 1;
	classes = {
	};
	objectVersion = 46;
	objects = {

/* Begin PBXBuildFile section */
		AE41DE731573FC4900FA608B /* UIKit.framework in Frameworks */ = {isa = PBXBuildFile; fileRef = AE41DE721573FC4900FA608B /* UIKit.framework */; };
		AE41DE751573FC4900FA608B /* Foundation.framework in Frameworks */ = {isa = PBXBuildFile; fileRef = AE41DE741573FC4900FA608B /* Foundation.framework */; };
		AE41DE771573FC4900FA608B /* CoreGraphics.framework in Frameworks */ = {isa = PBXBuildFile; fileRef = AE41DE761573FC4900FA608B /* CoreGraphics.framework */; };
		AE41DE7D1573FC4900FA608B /* InfoPlist.strings in Resources */ = {isa = PBXBuildFile; fileRef = AE41DE7B1573FC4900FA608B /* InfoPlist.strings */; };
		AE41DE7F1573FC4900FA608B /* main.m in Sources */ = {isa = PBXBuildFile; fileRef = AE41DE7E1573FC4900FA608B /* main.m */; };
		AE41DE831573FC4900FA608B /* Clipboard2QRCodeCopyAppDelegate.m in Sources */ = {isa = PBXBuildFile; fileRef = AE41DE821573FC4900FA608B /* Clipboard2QRCodeCopyAppDelegate.m */; };
		AE41DE861573FC4900FA608B /* MainStoryboard.storyboard in Resources */ = {isa = PBXBuildFile; fileRef = AE41DE841573FC4900FA608B /* MainStoryboard.storyboard */; };
		AE41DE891573FC4900FA608B /* Clipboard2QRCodeCopyViewController.m in Sources */ = {isa = PBXBuildFile; fileRef = AE41DE881573FC4900FA608B /* Clipboard2QRCodeCopyViewController.m */; };
		AE41DE911573FE4B00FA608B /* Barcode.mm in Sources */ = {isa = PBXBuildFile; fileRef = AE41DE901573FE4B00FA608B /* Barcode.mm */; };
		AE41DED61574058D00FA608B /* png.c in Sources */ = {isa = PBXBuildFile; fileRef = AE41DEBF1574058D00FA608B /* png.c */; };
		AE41DED71574058D00FA608B /* pngerror.c in Sources */ = {isa = PBXBuildFile; fileRef = AE41DEC31574058D00FA608B /* pngerror.c */; };
		AE41DED81574058D00FA608B /* pngget.c in Sources */ = {isa = PBXBuildFile; fileRef = AE41DEC41574058D00FA608B /* pngget.c */; };
		AE41DED91574058D00FA608B /* pngmem.c in Sources */ = {isa = PBXBuildFile; fileRef = AE41DEC71574058D00FA608B /* pngmem.c */; };
		AE41DEDA1574058D00FA608B /* pngpread.c in Sources */ = {isa = PBXBuildFile; fileRef = AE41DEC81574058D00FA608B /* pngpread.c */; };
		AE41DEDB1574058D00FA608B /* pngread.c in Sources */ = {isa = PBXBuildFile; fileRef = AE41DECA1574058D00FA608B /* pngread.c */; };
		AE41DEDC1574058D00FA608B /* pngrio.c in Sources */ = {isa = PBXBuildFile; fileRef = AE41DECB1574058D00FA608B /* pngrio.c */; };
		AE41DEDD1574058D00FA608B /* pngrtran.c in Sources */ = {isa = PBXBuildFile; fileRef = AE41DECC1574058D00FA608B /* pngrtran.c */; };
		AE41DEDE1574058D00FA608B /* pngrutil.c in Sources */ = {isa = PBXBuildFile; fileRef = AE41DECD1574058D00FA608B /* pngrutil.c */; };
		AE41DEDF1574058D00FA608B /* pngset.c in Sources */ = {isa = PBXBuildFile; fileRef = AE41DECE1574058D00FA608B /* pngset.c */; };
		AE41DEE01574058D00FA608B /* pngtrans.c in Sources */ = {isa = PBXBuildFile; fileRef = AE41DED01574058D00FA608B /* pngtrans.c */; };
		AE41DEE11574058D00FA608B /* pngwio.c in Sources */ = {isa = PBXBuildFile; fileRef = AE41DED11574058D00FA608B /* pngwio.c */; };
		AE41DEE21574058D00FA608B /* pngwrite.c in Sources */ = {isa = PBXBuildFile; fileRef = AE41DED21574058D00FA608B /* pngwrite.c */; };
		AE41DEE31574058D00FA608B /* pngwtran.c in Sources */ = {isa = PBXBuildFile; fileRef = AE41DED31574058D00FA608B /* pngwtran.c */; };
		AE41DEE41574058D00FA608B /* pngwutil.c in Sources */ = {isa = PBXBuildFile; fileRef = AE41DED41574058D00FA608B /* pngwutil.c */; };
		AE41DEEC157405E200FA608B /* qr_draw_png.mm in Sources */ = {isa = PBXBuildFile; fileRef = AE41DEE7157405E200FA608B /* qr_draw_png.mm */; };
		AE41DEED157405E200FA608B /* QR_Encode.mm in Sources */ = {isa = PBXBuildFile; fileRef = AE41DEEA157405E200FA608B /* QR_Encode.mm */; };
		AE41DEFF15740A2900FA608B /* libz.dylib in Frameworks */ = {isa = PBXBuildFile; fileRef = AE41DEFD15740A0B00FA608B /* libz.dylib */; };
/* End PBXBuildFile section */

/* Begin PBXFileReference section */
		AE41DE6E1573FC4900FA608B /* Clipboard2QRCodeCopy.app */ = {isa = PBXFileReference; explicitFileType = wrapper.application; includeInIndex = 0; path = Clipboard2QRCodeCopy.app; sourceTree = BUILT_PRODUCTS_DIR; };
		AE41DE721573FC4900FA608B /* UIKit.framework */ = {isa = PBXFileReference; lastKnownFileType = wrapper.framework; name = UIKit.framework; path = System/Library/Frameworks/UIKit.framework; sourceTree = SDKROOT; };
		AE41DE741573FC4900FA608B /* Foundation.framework */ = {isa = PBXFileReference; lastKnownFileType = wrapper.framework; name = Foundation.framework; path = System/Library/Frameworks/Foundation.framework; sourceTree = SDKROOT; };
		AE41DE761573FC4900FA608B /* CoreGraphics.framework */ = {isa = PBXFileReference; lastKnownFileType = wrapper.framework; name = CoreGraphics.framework; path = System/Library/Frameworks/CoreGraphics.framework; sourceTree = SDKROOT; };
		AE41DE7A1573FC4900FA608B /* Clipboard2QRCodeCopy-Info.plist */ = {isa = PBXFileReference; lastKnownFileType = text.plist.xml; path = "Clipboard2QRCodeCopy-Info.plist"; sourceTree = "<group>"; };
		AE41DE7C1573FC4900FA608B /* en */ = {isa = PBXFileReference; lastKnownFileType = text.plist.strings; name = en; path = en.lproj/InfoPlist.strings; sourceTree = "<group>"; };
		AE41DE7E1573FC4900FA608B /* main.m */ = {isa = PBXFileReference; lastKnownFileType = sourcecode.c.objc; path = main.m; sourceTree = "<group>"; };
		AE41DE801573FC4900FA608B /* Clipboard2QRCodeCopy-Prefix.pch */ = {isa = PBXFileReference; lastKnownFileType = sourcecode.c.h; path = "Clipboard2QRCodeCopy-Prefix.pch"; sourceTree = "<group>"; };
		AE41DE811573FC4900FA608B /* Clipboard2QRCodeCopyAppDelegate.h */ = {isa = PBXFileReference; lastKnownFileType = sourcecode.c.h; path = Clipboard2QRCodeCopyAppDelegate.h; sourceTree = "<group>"; };
		AE41DE821573FC4900FA608B /* Clipboard2QRCodeCopyAppDelegate.m */ = {isa = PBXFileReference; lastKnownFileType = sourcecode.c.objc; path = Clipboard2QRCodeCopyAppDelegate.m; sourceTree = "<group>"; };
		AE41DE851573FC4900FA608B /* en */ = {isa = PBXFileReference; lastKnownFileType = file.storyboard; name = en; path = en.lproj/MainStoryboard.storyboard; sourceTree = "<group>"; };
		AE41DE871573FC4900FA608B /* Clipboard2QRCodeCopyViewController.h */ = {isa = PBXFileReference; lastKnownFileType = sourcecode.c.h; path = Clipboard2QRCodeCopyViewController.h; sourceTree = "<group>"; };
		AE41DE881573FC4900FA608B /* Clipboard2QRCodeCopyViewController.m */ = {isa = PBXFileReference; lastKnownFileType = sourcecode.c.objc; path = Clipboard2QRCodeCopyViewController.m; sourceTree = "<group>"; };
		AE41DE8F1573FE4B00FA608B /* Barcode.h */ = {isa = PBXFileReference; fileEncoding = 4; lastKnownFileType = sourcecode.c.h; path = Barcode.h; sourceTree = "<group>"; };
		AE41DE901573FE4B00FA608B /* Barcode.mm */ = {isa = PBXFileReference; fileEncoding = 4; lastKnownFileType = sourcecode.cpp.objcpp; path = Barcode.mm; sourceTree = "<group>"; };
		AE41DEBF1574058D00FA608B /* png.c */ = {isa = PBXFileReference; fileEncoding = 4; lastKnownFileType = sourcecode.c.c; path = png.c; sourceTree = "<group>"; };
		AE41DEC01574058D00FA608B /* png.h */ = {isa = PBXFileReference; fileEncoding = 4; lastKnownFileType = sourcecode.c.h; path = png.h; sourceTree = "<group>"; };
		AE41DEC11574058D00FA608B /* pngconf.h */ = {isa = PBXFileReference; fileEncoding = 4; lastKnownFileType = sourcecode.c.h; path = pngconf.h; sourceTree = "<group>"; };
		AE41DEC21574058D00FA608B /* pngdebug.h */ = {isa = PBXFileReference; fileEncoding = 4; lastKnownFileType = sourcecode.c.h; path = pngdebug.h; sourceTree = "<group>"; };
		AE41DEC31574058D00FA608B /* pngerror.c */ = {isa = PBXFileReference; fileEncoding = 4; lastKnownFileType = sourcecode.c.c; path = pngerror.c; sourceTree = "<group>"; };
		AE41DEC41574058D00FA608B /* pngget.c */ = {isa = PBXFileReference; fileEncoding = 4; lastKnownFileType = sourcecode.c.c; path = pngget.c; sourceTree = "<group>"; };
		AE41DEC51574058D00FA608B /* pnginfo.h */ = {isa = PBXFileReference; fileEncoding = 4; lastKnownFileType = sourcecode.c.h; path = pnginfo.h; sourceTree = "<group>"; };
		AE41DEC61574058D00FA608B /* pnglibconf.h */ = {isa = PBXFileReference; fileEncoding = 4; lastKnownFileType = sourcecode.c.h; path = pnglibconf.h; sourceTree = "<group>"; };
		AE41DEC71574058D00FA608B /* pngmem.c */ = {isa = PBXFileReference; fileEncoding = 4; lastKnownFileType = sourcecode.c.c; path = pngmem.c; sourceTree = "<group>"; };
		AE41DEC81574058D00FA608B /* pngpread.c */ = {isa = PBXFileReference; fileEncoding = 4; lastKnownFileType = sourcecode.c.c; path = pngpread.c; sourceTree = "<group>"; };
		AE41DEC91574058D00FA608B /* pngpriv.h */ = {isa = PBXFileReference; fileEncoding = 4; lastKnownFileType = sourcecode.c.h; path = pngpriv.h; sourceTree = "<group>"; };
		AE41DECA1574058D00FA608B /* pngread.c */ = {isa = PBXFileReference; fileEncoding = 4; lastKnownFileType = sourcecode.c.c; path = pngread.c; sourceTree = "<group>"; };
		AE41DECB1574058D00FA608B /* pngrio.c */ = {isa = PBXFileReference; fileEncoding = 4; lastKnownFileType = sourcecode.c.c; path = pngrio.c; sourceTree = "<group>"; };
		AE41DECC1574058D00FA608B /* pngrtran.c */ = {isa = PBXFileReference; fileEncoding = 4; lastKnownFileType = sourcecode.c.c; path = pngrtran.c; sourceTree = "<group>"; };
		AE41DECD1574058D00FA608B /* pngrutil.c */ = {isa = PBXFileReference; fileEncoding = 4; lastKnownFileType = sourcecode.c.c; path = pngrutil.c; sourceTree = "<group>"; };
		AE41DECE1574058D00FA608B /* pngset.c */ = {isa = PBXFileReference; fileEncoding = 4; lastKnownFileType = sourcecode.c.c; path = pngset.c; sourceTree = "<group>"; };
		AE41DECF1574058D00FA608B /* pngstruct.h */ = {isa = PBXFileReference; fileEncoding = 4; lastKnownFileType = sourcecode.c.h; path = pngstruct.h; sourceTree = "<group>"; };
		AE41DED01574058D00FA608B /* pngtrans.c */ = {isa = PBXFileReference; fileEncoding = 4; lastKnownFileType = sourcecode.c.c; path = pngtrans.c; sourceTree = "<group>"; };
		AE41DED11574058D00FA608B /* pngwio.c */ = {isa = PBXFileReference; fileEncoding = 4; lastKnownFileType = sourcecode.c.c; path = pngwio.c; sourceTree = "<group>"; };
		AE41DED21574058D00FA608B /* pngwrite.c */ = {isa = PBXFileReference; fileEncoding = 4; lastKnownFileType = sourcecode.c.c; path = pngwrite.c; sourceTree = "<group>"; };
		AE41DED31574058D00FA608B /* pngwtran.c */ = {isa = PBXFileReference; fileEncoding = 4; lastKnownFileType = sourcecode.c.c; path = pngwtran.c; sourceTree = "<group>"; };
		AE41DED41574058D00FA608B /* pngwutil.c */ = {isa = PBXFileReference; fileEncoding = 4; lastKnownFileType = sourcecode.c.c; path = pngwutil.c; sourceTree = "<group>"; };
		AE41DED51574058D00FA608B /* zlib.h */ = {isa = PBXFileReference; fileEncoding = 4; lastKnownFileType = sourcecode.c.h; path = zlib.h; sourceTree = "<group>"; };
		AE41DEE6157405E200FA608B /* qr_draw_png.h */ = {isa = PBXFileReference; fileEncoding = 2147483649; lastKnownFileType = sourcecode.c.h; path = qr_draw_png.h; sourceTree = "<group>"; };
		AE41DEE7157405E200FA608B /* qr_draw_png.mm */ = {isa = PBXFileReference; fileEncoding = 2147483649; lastKnownFileType = sourcecode.cpp.objcpp; path = qr_draw_png.mm; sourceTree = "<group>"; };
		AE41DEE8157405E200FA608B /* qr_draw.h */ = {isa = PBXFileReference; fileEncoding = 2147483649; lastKnownFileType = sourcecode.c.h; path = qr_draw.h; sourceTree = "<group>"; };
		AE41DEE9157405E200FA608B /* QR_Encode.h */ = {isa = PBXFileReference; fileEncoding = 2147483649; lastKnownFileType = sourcecode.c.h; path = QR_Encode.h; sourceTree = "<group>"; };
		AE41DEEA157405E200FA608B /* QR_Encode.mm */ = {isa = PBXFileReference; fileEncoding = 2147483649; lastKnownFileType = sourcecode.cpp.objcpp; path = QR_Encode.mm; sourceTree = "<group>"; };
		AE41DEEB157405E200FA608B /* win2ansi.h */ = {isa = PBXFileReference; fileEncoding = 4; lastKnownFileType = sourcecode.c.h; path = win2ansi.h; sourceTree = "<group>"; };
		AE41DEFD15740A0B00FA608B /* libz.dylib */ = {isa = PBXFileReference; lastKnownFileType = "compiled.mach-o.dylib"; name = libz.dylib; path = usr/lib/libz.dylib; sourceTree = SDKROOT; };
/* End PBXFileReference section */

/* Begin PBXFrameworksBuildPhase section */
		AE41DE6B1573FC4900FA608B /* Frameworks */ = {
			isa = PBXFrameworksBuildPhase;
			buildActionMask = 2147483647;
			files = (
				AE41DEFF15740A2900FA608B /* libz.dylib in Frameworks */,
				AE41DE731573FC4900FA608B /* UIKit.framework in Frameworks */,
				AE41DE751573FC4900FA608B /* Foundation.framework in Frameworks */,
				AE41DE771573FC4900FA608B /* CoreGraphics.framework in Frameworks */,
			);
			runOnlyForDeploymentPostprocessing = 0;
		};
/* End PBXFrameworksBuildPhase section */

/* Begin PBXGroup section */
		AE41DE631573FC4900FA608B = {
			isa = PBXGroup;
			children = (
				AE41DEFD15740A0B00FA608B /* libz.dylib */,
				AE41DE781573FC4900FA608B /* Clipboard2QRCodeCopy */,
				AE41DE711573FC4900FA608B /* Frameworks */,
				AE41DE6F1573FC4900FA608B /* Products */,
			);
			sourceTree = "<group>";
		};
		AE41DE6F1573FC4900FA608B /* Products */ = {
			isa = PBXGroup;
			children = (
				AE41DE6E1573FC4900FA608B /* Clipboard2QRCodeCopy.app */,
			);
			name = Products;
			sourceTree = "<group>";
		};
		AE41DE711573FC4900FA608B /* Frameworks */ = {
			isa = PBXGroup;
			children = (
				AE41DE721573FC4900FA608B /* UIKit.framework */,
				AE41DE741573FC4900FA608B /* Foundation.framework */,
				AE41DE761573FC4900FA608B /* CoreGraphics.framework */,
			);
			name = Frameworks;
			sourceTree = "<group>";
		};
		AE41DE781573FC4900FA608B /* Clipboard2QRCodeCopy */ = {
			isa = PBXGroup;
			children = (
				AE41DE8F1573FE4B00FA608B /* Barcode.h */,
				AE41DE901573FE4B00FA608B /* Barcode.mm */,
				AE41DE811573FC4900FA608B /* Clipboard2QRCodeCopyAppDelegate.h */,
				AE41DE821573FC4900FA608B /* Clipboard2QRCodeCopyAppDelegate.m */,
				AE41DE841573FC4900FA608B /* MainStoryboard.storyboard */,
				AE41DE871573FC4900FA608B /* Clipboard2QRCodeCopyViewController.h */,
				AE41DE881573FC4900FA608B /* Clipboard2QRCodeCopyViewController.m */,
				AE41DE791573FC4900FA608B /* Supporting Files */,
			);
			path = Clipboard2QRCodeCopy;
			sourceTree = "<group>";
		};
		AE41DE791573FC4900FA608B /* Supporting Files */ = {
			isa = PBXGroup;
			children = (
				AE41DEE5157405CC00FA608B /* QRDraw */,
				AE41DEBE1574053300FA608B /* libpng */,
				AE41DE7A1573FC4900FA608B /* Clipboard2QRCodeCopy-Info.plist */,
				AE41DE7B1573FC4900FA608B /* InfoPlist.strings */,
				AE41DE7E1573FC4900FA608B /* main.m */,
				AE41DE801573FC4900FA608B /* Clipboard2QRCodeCopy-Prefix.pch */,
			);
			name = "Supporting Files";
			sourceTree = "<group>";
		};
		AE41DEBE1574053300FA608B /* libpng */ = {
			isa = PBXGroup;
			children = (
				AE41DEBF1574058D00FA608B /* png.c */,
				AE41DEC01574058D00FA608B /* png.h */,
				AE41DEC11574058D00FA608B /* pngconf.h */,
				AE41DEC21574058D00FA608B /* pngdebug.h */,
				AE41DEC31574058D00FA608B /* pngerror.c */,
				AE41DEC41574058D00FA608B /* pngget.c */,
				AE41DEC51574058D00FA608B /* pnginfo.h */,
				AE41DEC61574058D00FA608B /* pnglibconf.h */,
				AE41DEC71574058D00FA608B /* pngmem.c */,
				AE41DEC81574058D00FA608B /* pngpread.c */,
				AE41DEC91574058D00FA608B /* pngpriv.h */,
				AE41DECA1574058D00FA608B /* pngread.c */,
				AE41DECB1574058D00FA608B /* pngrio.c */,
				AE41DECC1574058D00FA608B /* pngrtran.c */,
				AE41DECD1574058D00FA608B /* pngrutil.c */,
				AE41DECE1574058D00FA608B /* pngset.c */,
				AE41DECF1574058D00FA608B /* pngstruct.h */,
				AE41DED01574058D00FA608B /* pngtrans.c */,
				AE41DED11574058D00FA608B /* pngwio.c */,
				AE41DED21574058D00FA608B /* pngwrite.c */,
				AE41DED31574058D00FA608B /* pngwtran.c */,
				AE41DED41574058D00FA608B /* pngwutil.c */,
				AE41DED51574058D00FA608B /* zlib.h */,
			);
			path = libpng;
			sourceTree = "<group>";
		};
		AE41DEE5157405CC00FA608B /* QRDraw */ = {
			isa = PBXGroup;
			children = (
				AE41DEE6157405E200FA608B /* qr_draw_png.h */,
				AE41DEE7157405E200FA608B /* qr_draw_png.mm */,
				AE41DEE8157405E200FA608B /* qr_draw.h */,
				AE41DEE9157405E200FA608B /* QR_Encode.h */,
				AE41DEEA157405E200FA608B /* QR_Encode.mm */,
				AE41DEEB157405E200FA608B /* win2ansi.h */,
			);
			path = QRDraw;
			sourceTree = "<group>";
		};
/* End PBXGroup section */

/* Begin PBXNativeTarget section */
		AE41DE6D1573FC4900FA608B /* Clipboard2QRCodeCopy */ = {
			isa = PBXNativeTarget;
			buildConfigurationList = AE41DE8C1573FC4900FA608B /* Build configuration list for PBXNativeTarget "Clipboard2QRCodeCopy" */;
			buildPhases = (
				AE41DE6A1573FC4900FA608B /* Sources */,
				AE41DE6B1573FC4900FA608B /* Frameworks */,
				AE41DE6C1573FC4900FA608B /* Resources */,
			);
			buildRules = (
			);
			dependencies = (
			);
			name = Clipboard2QRCodeCopy;
			productName = Clipboard2QRCodeCopy;
			productReference = AE41DE6E1573FC4900FA608B /* Clipboard2QRCodeCopy.app */;
			productType = "com.apple.product-type.application";
		};
/* End PBXNativeTarget section */

/* Begin PBXProject section */
		AE41DE651573FC4900FA608B /* Project object */ = {
			isa = PBXProject;
			attributes = {
				CLASSPREFIX = Clipboard2QRCodeCopy;
				LastUpgradeCheck = 0430;
				ORGANIZATIONNAME = "Simon Brüchner Webdesign";
			};
			buildConfigurationList = AE41DE681573FC4900FA608B /* Build configuration list for PBXProject "Clipboard2QRCodeCopy" */;
			compatibilityVersion = "Xcode 3.2";
			developmentRegion = English;
			hasScannedForEncodings = 0;
			knownRegions = (
				en,
			);
			mainGroup = AE41DE631573FC4900FA608B;
			productRefGroup = AE41DE6F1573FC4900FA608B /* Products */;
			projectDirPath = "";
			projectRoot = "";
			targets = (
				AE41DE6D1573FC4900FA608B /* Clipboard2QRCodeCopy */,
			);
		};
/* End PBXProject section */

/* Begin PBXResourcesBuildPhase section */
		AE41DE6C1573FC4900FA608B /* Resources */ = {
			isa = PBXResourcesBuildPhase;
			buildActionMask = 2147483647;
			files = (
				AE41DE7D1573FC4900FA608B /* InfoPlist.strings in Resources */,
				AE41DE861573FC4900FA608B /* MainStoryboard.storyboard in Resources */,
			);
			runOnlyForDeploymentPostprocessing = 0;
		};
/* End PBXResourcesBuildPhase section */

/* Begin PBXSourcesBuildPhase section */
		AE41DE6A1573FC4900FA608B /* Sources */ = {
			isa = PBXSourcesBuildPhase;
			buildActionMask = 2147483647;
			files = (
				AE41DE7F1573FC4900FA608B /* main.m in Sources */,
				AE41DE831573FC4900FA608B /* Clipboard2QRCodeCopyAppDelegate.m in Sources */,
				AE41DE891573FC4900FA608B /* Clipboard2QRCodeCopyViewController.m in Sources */,
				AE41DE911573FE4B00FA608B /* Barcode.mm in Sources */,
				AE41DED61574058D00FA608B /* png.c in Sources */,
				AE41DED71574058D00FA608B /* pngerror.c in Sources */,
				AE41DED81574058D00FA608B /* pngget.c in Sources */,
				AE41DED91574058D00FA608B /* pngmem.c in Sources */,
				AE41DEDA1574058D00FA608B /* pngpread.c in Sources */,
				AE41DEDB1574058D00FA608B /* pngread.c in Sources */,
				AE41DEDC1574058D00FA608B /* pngrio.c in Sources */,
				AE41DEDD1574058D00FA608B /* pngrtran.c in Sources */,
				AE41DEDE1574058D00FA608B /* pngrutil.c in Sources */,
				AE41DEDF1574058D00FA608B /* pngset.c in Sources */,
				AE41DEE01574058D00FA608B /* pngtrans.c in Sources */,
				AE41DEE11574058D00FA608B /* pngwio.c in Sources */,
				AE41DEE21574058D00FA608B /* pngwrite.c in Sources */,
				AE41DEE31574058D00FA608B /* pngwtran.c in Sources */,
				AE41DEE41574058D00FA608B /* pngwutil.c in Sources */,
				AE41DEEC157405E200FA608B /* qr_draw_png.mm in Sources */,
				AE41DEED157405E200FA608B /* QR_Encode.mm in Sources */,
			);
			runOnlyForDeploymentPostprocessing = 0;
		};
/* End PBXSourcesBuildPhase section */

/* Begin PBXVariantGroup section */
		AE41DE7B1573FC4900FA608B /* InfoPlist.strings */ = {
			isa = PBXVariantGroup;
			children = (
				AE41DE7C1573FC4900FA608B /* en */,
			);
			name = InfoPlist.strings;
			sourceTree = "<group>";
		};
		AE41DE841573FC4900FA608B /* MainStoryboard.storyboard */ = {
			isa = PBXVariantGroup;
			children = (
				AE41DE851573FC4900FA608B /* en */,
			);
			name = MainStoryboard.storyboard;
			sourceTree = "<group>";
		};
/* End PBXVariantGroup section */

/* Begin XCBuildConfiguration section */
		AE41DE8A1573FC4900FA608B /* Debug */ = {
			isa = XCBuildConfiguration;
			buildSettings = {
				ALWAYS_SEARCH_USER_PATHS = NO;
				ARCHS = "$(ARCHS_STANDARD_32_BIT)";
				CLANG_ENABLE_OBJC_ARC = YES;
				"CODE_SIGN_IDENTITY[sdk=iphoneos*]" = "iPhone Developer";
				COPY_PHASE_STRIP = NO;
				GCC_C_LANGUAGE_STANDARD = gnu99;
				GCC_DYNAMIC_NO_PIC = NO;
				GCC_OPTIMIZATION_LEVEL = 0;
				GCC_PREPROCESSOR_DEFINITIONS = (
					"DEBUG=1",
					"$(inherited)",
				);
				GCC_SYMBOLS_PRIVATE_EXTERN = NO;
				GCC_VERSION = com.apple.compilers.llvm.clang.1_0;
				GCC_WARN_ABOUT_RETURN_TYPE = YES;
				GCC_WARN_UNINITIALIZED_AUTOS = YES;
				GCC_WARN_UNUSED_VARIABLE = YES;
				IPHONEOS_DEPLOYMENT_TARGET = 5.1;
				SDKROOT = iphoneos;
			};
			name = Debug;
		};
		AE41DE8B1573FC4900FA608B /* Release */ = {
			isa = XCBuildConfiguration;
			buildSettings = {
				ALWAYS_SEARCH_USER_PATHS = NO;
				ARCHS = "$(ARCHS_STANDARD_32_BIT)";
				CLANG_ENABLE_OBJC_ARC = YES;
				"CODE_SIGN_IDENTITY[sdk=iphoneos*]" = "iPhone Developer";
				COPY_PHASE_STRIP = YES;
				GCC_C_LANGUAGE_STANDARD = gnu99;
				GCC_VERSION = com.apple.compilers.llvm.clang.1_0;
				GCC_WARN_ABOUT_RETURN_TYPE = YES;
				GCC_WARN_UNINITIALIZED_AUTOS = YES;
				GCC_WARN_UNUSED_VARIABLE = YES;
				IPHONEOS_DEPLOYMENT_TARGET = 5.1;
				OTHER_CFLAGS = "-DNS_BLOCK_ASSERTIONS=1";
				SDKROOT = iphoneos;
				VALIDATE_PRODUCT = YES;
			};
			name = Release;
		};
		AE41DE8D1573FC4900FA608B /* Debug */ = {
			isa = XCBuildConfiguration;
			buildSettings = {
				GCC_PRECOMPILE_PREFIX_HEADER = YES;
				GCC_PREFIX_HEADER = "Clipboard2QRCodeCopy/Clipboard2QRCodeCopy-Prefix.pch";
				GCC_VERSION = com.apple.compilers.llvm.clang.1_0;
				HEADER_SEARCH_PATHS = "libpng/**";
				INFOPLIST_FILE = "Clipboard2QRCodeCopy/Clipboard2QRCodeCopy-Info.plist";
				PRODUCT_NAME = "$(TARGET_NAME)";
				USER_HEADER_SEARCH_PATHS = "./libpng/**";
				WRAPPER_EXTENSION = app;
			};
			name = Debug;
		};
		AE41DE8E1573FC4900FA608B /* Release */ = {
			isa = XCBuildConfiguration;
			buildSettings = {
				GCC_PRECOMPILE_PREFIX_HEADER = YES;
				GCC_PREFIX_HEADER = "Clipboard2QRCodeCopy/Clipboard2QRCodeCopy-Prefix.pch";
				GCC_VERSION = com.apple.compilers.llvm.clang.1_0;
				HEADER_SEARCH_PATHS = "libpng/**";
				INFOPLIST_FILE = "Clipboard2QRCodeCopy/Clipboard2QRCodeCopy-Info.plist";
				PRODUCT_NAME = "$(TARGET_NAME)";
				USER_HEADER_SEARCH_PATHS = "./libpng/**";
				WRAPPER_EXTENSION = app;
			};
			name = Release;
		};
/* End XCBuildConfiguration section */

/* Begin XCConfigurationList section */
		AE41DE681573FC4900FA608B /* Build configuration list for PBXProject "Clipboard2QRCodeCopy" */ = {
			isa = XCConfigurationList;
			buildConfigurations = (
				AE41DE8A1573FC4900FA608B /* Debug */,
				AE41DE8B1573FC4900FA608B /* Release */,
			);
			defaultConfigurationIsVisible = 0;
			defaultConfigurationName = Release;
		};
		AE41DE8C1573FC4900FA608B /* Build configuration list for PBXNativeTarget "Clipboard2QRCodeCopy" */ = {
			isa = XCConfigurationList;
			buildConfigurations = (
				AE41DE8D1573FC4900FA608B /* Debug */,
				AE41DE8E1573FC4900FA608B /* Release */,
			);
			defaultConfigurationIsVisible = 0;
			defaultConfigurationName = Release;
		};
/* End XCConfigurationList section */
	};
	rootObject = AE41DE651573FC4900FA608B /* Project object */;
}
